PODS:
  - UtilsKit (2.0):
    - UtilsKit/Core (= 2.0)
  - UtilsKit/Core (2.0)

DEPENDENCIES:
  - UtilsKit (~> 2.0)

SPEC REPOS:
  trunk:
    - UtilsKit

SPEC CHECKSUMS:
  UtilsKit: c2fa0ee0ca192b802c0dd18d17ef1cab4e8f9a16

PODFILE CHECKSUM: ee92c01bfb3214a0725923bf27a5828b5ba19418

COCOAPODS: 1.9.3
